
Microsoft Visual Studio Solution File, Format Version 12.00
# Visual Studio Version 16
VisualStudioVersion = 16.0.31911.196
MinimumVisualStudioVersion = 10.0.40219.1
Project("{9A19103F-16F7-4668-BE54-9A1E7A4F7556}") = "Webserver", "Webserver\Webserver.csproj", "{7329CB02-AA31-4D5B-ACDE-78E2CE6B43C2}"
EndProject
Project("{9A19103F-16F7-4668-BE54-9A1E7A4F7556}") = "WebserverTests", "WebserverTests\WebserverTests.csproj", "{C14DD6DB-ACAF-4D1A-9598-F61938F7934A}"
EndProject
Project("{FAE04EC0-301F-11D3-BF4B-00C04F79EFBC}") = "WebserverGUI", "WebserverGUI\WebserverGUI.csproj", "{C058EC1D-ED7A-41FB-AE1D-D3DA68052F61}"
EndProject
Global
	GlobalSection(SolutionConfigurationPlatforms) = preSolution
		Debug|Any CPU = Debug|Any CPU
		Release|Any CPU = Release|Any CPU
	EndGlobalSection
	GlobalSection(ProjectConfigurationPlatforms) = postSolution
		{7329CB02-AA31-4D5B-ACDE-78E2CE6B43C2}.Debug|Any CPU.ActiveCfg = Debug|Any CPU
		{7329CB02-AA31-4D5B-ACDE-78E2CE6B43C2}.Debug|Any CPU.Build.0 = Debug|Any CPU
		{7329CB02-AA31-4D5B-ACDE-78E2CE6B43C2}.Release|Any CPU.ActiveCfg = Release|Any CPU
		{7329CB02-AA31-4D5B-ACDE-78E2CE6B43C2}.Release|Any CPU.Build.0 = Release|Any CPU
		{C14DD6DB-ACAF-4D1A-9598-F61938F7934A}.Debug|Any CPU.ActiveCfg = Debug|Any CPU
		{C14DD6DB-ACAF-4D1A-9598-F61938F7934A}.Debug|Any CPU.Build.0 = Debug|Any CPU
		{C14DD6DB-ACAF-4D1A-9598-F61938F7934A}.Release|Any CPU.ActiveCfg = Release|Any CPU
		{C14DD6DB-ACAF-4D1A-9598-F61938F7934A}.Release|Any CPU.Build.0 = Release|Any CPU
		{C058EC1D-ED7A-41FB-AE1D-D3DA68052F61}.Debug|Any CPU.ActiveCfg = Debug|Any CPU
		{C058EC1D-ED7A-41FB-AE1D-D3DA68052F61}.Debug|Any CPU.Build.0 = Debug|Any CPU
		{C058EC1D-ED7A-41FB-AE1D-D3DA68052F61}.Release|Any CPU.ActiveCfg = Release|Any CPU
		{C058EC1D-ED7A-41FB-AE1D-D3DA68052F61}.Release|Any CPU.Build.0 = Release|Any CPU
	EndGlobalSection
	GlobalSection(SolutionProperties) = preSolution
		HideSolutionNode = FALSE
	EndGlobalSection
	GlobalSection(ExtensibilityGlobals) = postSolution
		SolutionGuid = {6310FB09-F62E-4EA3-B285-040237A1817A}
	EndGlobalSection
EndGlobal
