
Microsoft Visual Studio Solution File, Format Version 12.00
Project("{FAE04EC0-301F-11D3-BF4B-00C04F79EFBC}") = "Webserver", "Webserver\Webserver.csproj", "{7329CB02-AA31-4D5B-ACDE-78E2CE6B43C2}"
EndProject
Project("{FAE04EC0-301F-11D3-BF4B-00C04F79EFBC}") = "WebserverTests", "WebserverTests\WebserverTests.csproj", "{C14DD6DB-ACAF-4D1A-9598-F61938F7934A}"
EndProject
Global
	GlobalSection(SolutionConfigurationPlatforms) = preSolution
		Debug|Any CPU = Debug|Any CPU
		Release|Any CPU = Release|Any CPU
	EndGlobalSection
	GlobalSection(ProjectConfigurationPlatforms) = postSolution
		{7329CB02-AA31-4D5B-ACDE-78E2CE6B43C2}.Debug|Any CPU.ActiveCfg = Debug|Any CPU
		{7329CB02-AA31-4D5B-ACDE-78E2CE6B43C2}.Debug|Any CPU.Build.0 = Debug|Any CPU
		{7329CB02-AA31-4D5B-ACDE-78E2CE6B43C2}.Release|Any CPU.ActiveCfg = Release|Any CPU
		{7329CB02-AA31-4D5B-ACDE-78E2CE6B43C2}.Release|Any CPU.Build.0 = Release|Any CPU
		{C14DD6DB-ACAF-4D1A-9598-F61938F7934A}.Debug|Any CPU.ActiveCfg = Debug|Any CPU
		{C14DD6DB-ACAF-4D1A-9598-F61938F7934A}.Debug|Any CPU.Build.0 = Debug|Any CPU
		{C14DD6DB-ACAF-4D1A-9598-F61938F7934A}.Release|Any CPU.ActiveCfg = Release|Any CPU
		{C14DD6DB-ACAF-4D1A-9598-F61938F7934A}.Release|Any CPU.Build.0 = Release|Any CPU
	EndGlobalSection
EndGlobal
